// !$*UTF8*$!
{
	archiveVersion = 1;
	classes = {
	};
	objectVersion = 50;
	objects = {

/* Begin PBXBuildFile section */
		AA01B04C2649CB000067332F /* ghostPowerUpCollect.atlas in Resources */ = {isa = PBXBuildFile; fileRef = AA01B04B2649CB000067332F /* ghostPowerUpCollect.atlas */; };
		AA01B04F2649CB060067332F /* resetPowerUpCollect.atlas in Resources */ = {isa = PBXBuildFile; fileRef = AA01B04E2649CB060067332F /* resetPowerUpCollect.atlas */; };
		AA01B0522649DB390067332F /* PowerUpBaseManager.swift in Sources */ = {isa = PBXBuildFile; fileRef = AA01B0512649DB390067332F /* PowerUpBaseManager.swift */; };
		AA0E7B4326462D880093EF97 /* PhysicsCategories.swift in Sources */ = {isa = PBXBuildFile; fileRef = AA0E7B4226462D880093EF97 /* PhysicsCategories.swift */; };
		AA0E7B462646359B0093EF97 /* MainCubeManager.swift in Sources */ = {isa = PBXBuildFile; fileRef = AA0E7B452646359B0093EF97 /* MainCubeManager.swift */; };
		AA0E7B4926463A0B0093EF97 /* playerDeath.atlas in Resources */ = {isa = PBXBuildFile; fileRef = AA0E7B4826463A0B0093EF97 /* playerDeath.atlas */; };
		AA0E7B4C264657200093EF97 /* GameOverSceneManager.swift in Sources */ = {isa = PBXBuildFile; fileRef = AA0E7B4B264657200093EF97 /* GameOverSceneManager.swift */; };
		AA0E7B4F264658120093EF97 /* BaseMenuSceneManager.swift in Sources */ = {isa = PBXBuildFile; fileRef = AA0E7B4E264658120093EF97 /* BaseMenuSceneManager.swift */; };
		AA0E7B5226465C2A0093EF97 /* Scores.swift in Sources */ = {isa = PBXBuildFile; fileRef = AA0E7B5126465C2A0093EF97 /* Scores.swift */; };
		AA55B665263FA53000AE16C0 /* SharedButtonFunctions.swift in Sources */ = {isa = PBXBuildFile; fileRef = AA55B664263FA52F00AE16C0 /* SharedButtonFunctions.swift */; };
		AA55B66E263FDD2800AE16C0 /* PlatformManager.swift in Sources */ = {isa = PBXBuildFile; fileRef = AA55B66D263FDD2800AE16C0 /* PlatformManager.swift */; };
		AA7D8C3B263506BA00D24CE2 /* AppDelegate.swift in Sources */ = {isa = PBXBuildFile; fileRef = AA7D8C3A263506BA00D24CE2 /* AppDelegate.swift */; };
		AA7D8C3D263506BA00D24CE2 /* GameScene.sks in Resources */ = {isa = PBXBuildFile; fileRef = AA7D8C3C263506BA00D24CE2 /* GameScene.sks */; };
		AA7D8C3F263506BA00D24CE2 /* Actions.sks in Resources */ = {isa = PBXBuildFile; fileRef = AA7D8C3E263506BA00D24CE2 /* Actions.sks */; };
		AA7D8C41263506BA00D24CE2 /* GameScene.swift in Sources */ = {isa = PBXBuildFile; fileRef = AA7D8C40263506BA00D24CE2 /* GameScene.swift */; };
		AA7D8C43263506BA00D24CE2 /* GameViewController.swift in Sources */ = {isa = PBXBuildFile; fileRef = AA7D8C42263506BA00D24CE2 /* GameViewController.swift */; };
		AA7D8C46263506BA00D24CE2 /* Main.storyboard in Resources */ = {isa = PBXBuildFile; fileRef = AA7D8C44263506BA00D24CE2 /* Main.storyboard */; };
		AA7D8C48263506BB00D24CE2 /* Assets.xcassets in Resources */ = {isa = PBXBuildFile; fileRef = AA7D8C47263506BB00D24CE2 /* Assets.xcassets */; };
		AA7D8C5A26350C4900D24CE2 /* scoreSound.wav in Resources */ = {isa = PBXBuildFile; fileRef = AA7D8C5126350C4900D24CE2 /* scoreSound.wav */; };
		AA7D8C5B26350C4900D24CE2 /* gameOverSound.wav in Resources */ = {isa = PBXBuildFile; fileRef = AA7D8C5226350C4900D24CE2 /* gameOverSound.wav */; };
		AA7D8C5C26350C4900D24CE2 /* collectingGhostPowerUpSound.wav in Resources */ = {isa = PBXBuildFile; fileRef = AA7D8C5326350C4900D24CE2 /* collectingGhostPowerUpSound.wav */; };
		AA7D8C5D26350C4900D24CE2 /* collectingDifficultyResetPowerUp.wav in Resources */ = {isa = PBXBuildFile; fileRef = AA7D8C5426350C4900D24CE2 /* collectingDifficultyResetPowerUp.wav */; };
		AA7D8C5E26350C4900D24CE2 /* explosionOne.mp3 in Resources */ = {isa = PBXBuildFile; fileRef = AA7D8C5626350C4900D24CE2 /* explosionOne.mp3 */; };
		AA7D8C5F26350C4900D24CE2 /* explosionTwo.wav in Resources */ = {isa = PBXBuildFile; fileRef = AA7D8C5726350C4900D24CE2 /* explosionTwo.wav */; };
		AA7D8C6026350C4900D24CE2 /* buttonClick.wav in Resources */ = {isa = PBXBuildFile; fileRef = AA7D8C5826350C4900D24CE2 /* buttonClick.wav */; };
		AA7D8C6126350C4900D24CE2 /* difficultyIncreaseSound.wav in Resources */ = {isa = PBXBuildFile; fileRef = AA7D8C5926350C4900D24CE2 /* difficultyIncreaseSound.wav */; };
		AA7D8C6426350C8A00D24CE2 /* Our-Arcade-Games.ttf in Resources */ = {isa = PBXBuildFile; fileRef = AA7D8C6326350C7700D24CE2 /* Our-Arcade-Games.ttf */; };
		AA7D8C6926350F0C00D24CE2 /* MainMenu.sks in Resources */ = {isa = PBXBuildFile; fileRef = AA7D8C6826350F0C00D24CE2 /* MainMenu.sks */; };
		AA7D8C6C26350F2100D24CE2 /* GameOverScene.sks in Resources */ = {isa = PBXBuildFile; fileRef = AA7D8C6B26350F2100D24CE2 /* GameOverScene.sks */; };
		AA7D8C6F26350F5800D24CE2 /* MainMenuSceneManager.swift in Sources */ = {isa = PBXBuildFile; fileRef = AA7D8C6E26350F5800D24CE2 /* MainMenuSceneManager.swift */; };
/* End PBXBuildFile section */

/* Begin PBXFileReference section */
		AA01B04B2649CB000067332F /* ghostPowerUpCollect.atlas */ = {isa = PBXFileReference; lastKnownFileType = folder.skatlas; name = ghostPowerUpCollect.atlas; path = ../../ghostPowerUpCollect.atlas; sourceTree = "<group>"; };
		AA01B04E2649CB060067332F /* resetPowerUpCollect.atlas */ = {isa = PBXFileReference; lastKnownFileType = folder.skatlas; name = resetPowerUpCollect.atlas; path = ../../resetPowerUpCollect.atlas; sourceTree = "<group>"; };
		AA01B0512649DB390067332F /* PowerUpBaseManager.swift */ = {isa = PBXFileReference; lastKnownFileType = sourcecode.swift; path = PowerUpBaseManager.swift; sourceTree = "<group>"; };
		AA0E7B4226462D880093EF97 /* PhysicsCategories.swift */ = {isa = PBXFileReference; lastKnownFileType = sourcecode.swift; path = PhysicsCategories.swift; sourceTree = "<group>"; };
		AA0E7B452646359B0093EF97 /* MainCubeManager.swift */ = {isa = PBXFileReference; lastKnownFileType = sourcecode.swift; path = MainCubeManager.swift; sourceTree = "<group>"; };
		AA0E7B4826463A0B0093EF97 /* playerDeath.atlas */ = {isa = PBXFileReference; lastKnownFileType = folder.skatlas; path = playerDeath.atlas; sourceTree = "<group>"; };
		AA0E7B4B264657200093EF97 /* GameOverSceneManager.swift */ = {isa = PBXFileReference; lastKnownFileType = sourcecode.swift; path = GameOverSceneManager.swift; sourceTree = "<group>"; };
		AA0E7B4E264658120093EF97 /* BaseMenuSceneManager.swift */ = {isa = PBXFileReference; lastKnownFileType = sourcecode.swift; path = BaseMenuSceneManager.swift; sourceTree = "<group>"; };
		AA0E7B5126465C2A0093EF97 /* Scores.swift */ = {isa = PBXFileReference; lastKnownFileType = sourcecode.swift; path = Scores.swift; sourceTree = "<group>"; };
		AA55B664263FA52F00AE16C0 /* SharedButtonFunctions.swift */ = {isa = PBXFileReference; lastKnownFileType = sourcecode.swift; path = SharedButtonFunctions.swift; sourceTree = "<group>"; };
		AA55B66D263FDD2800AE16C0 /* PlatformManager.swift */ = {isa = PBXFileReference; lastKnownFileType = sourcecode.swift; path = PlatformManager.swift; sourceTree = "<group>"; };
		AA7D8C37263506BA00D24CE2 /* Adjust.app */ = {isa = PBXFileReference; explicitFileType = wrapper.application; includeInIndex = 0; path = Adjust.app; sourceTree = BUILT_PRODUCTS_DIR; };
		AA7D8C3A263506BA00D24CE2 /* AppDelegate.swift */ = {isa = PBXFileReference; lastKnownFileType = sourcecode.swift; path = AppDelegate.swift; sourceTree = "<group>"; };
		AA7D8C3C263506BA00D24CE2 /* GameScene.sks */ = {isa = PBXFileReference; lastKnownFileType = file.sks; path = GameScene.sks; sourceTree = "<group>"; };
		AA7D8C3E263506BA00D24CE2 /* Actions.sks */ = {isa = PBXFileReference; lastKnownFileType = file.sks; path = Actions.sks; sourceTree = "<group>"; };
		AA7D8C40263506BA00D24CE2 /* GameScene.swift */ = {isa = PBXFileReference; lastKnownFileType = sourcecode.swift; path = GameScene.swift; sourceTree = "<group>"; };
		AA7D8C42263506BA00D24CE2 /* GameViewController.swift */ = {isa = PBXFileReference; lastKnownFileType = sourcecode.swift; path = GameViewController.swift; sourceTree = "<group>"; };
		AA7D8C45263506BA00D24CE2 /* Base */ = {isa = PBXFileReference; lastKnownFileType = file.storyboard; name = Base; path = Base.lproj/Main.storyboard; sourceTree = "<group>"; };
		AA7D8C47263506BB00D24CE2 /* Assets.xcassets */ = {isa = PBXFileReference; lastKnownFileType = folder.assetcatalog; path = Assets.xcassets; sourceTree = "<group>"; };
		AA7D8C49263506BB00D24CE2 /* Info.plist */ = {isa = PBXFileReference; lastKnownFileType = text.plist.xml; path = Info.plist; sourceTree = "<group>"; };
		AA7D8C5126350C4900D24CE2 /* scoreSound.wav */ = {isa = PBXFileReference; lastKnownFileType = audio.wav; path = scoreSound.wav; sourceTree = "<group>"; };
		AA7D8C5226350C4900D24CE2 /* gameOverSound.wav */ = {isa = PBXFileReference; lastKnownFileType = audio.wav; path = gameOverSound.wav; sourceTree = "<group>"; };
		AA7D8C5326350C4900D24CE2 /* collectingGhostPowerUpSound.wav */ = {isa = PBXFileReference; lastKnownFileType = audio.wav; path = collectingGhostPowerUpSound.wav; sourceTree = "<group>"; };
		AA7D8C5426350C4900D24CE2 /* collectingDifficultyResetPowerUp.wav */ = {isa = PBXFileReference; lastKnownFileType = audio.wav; path = collectingDifficultyResetPowerUp.wav; sourceTree = "<group>"; };
		AA7D8C5626350C4900D24CE2 /* explosionOne.mp3 */ = {isa = PBXFileReference; lastKnownFileType = audio.mp3; path = explosionOne.mp3; sourceTree = "<group>"; };
		AA7D8C5726350C4900D24CE2 /* explosionTwo.wav */ = {isa = PBXFileReference; lastKnownFileType = audio.wav; path = explosionTwo.wav; sourceTree = "<group>"; };
		AA7D8C5826350C4900D24CE2 /* buttonClick.wav */ = {isa = PBXFileReference; lastKnownFileType = audio.wav; path = buttonClick.wav; sourceTree = "<group>"; };
		AA7D8C5926350C4900D24CE2 /* difficultyIncreaseSound.wav */ = {isa = PBXFileReference; lastKnownFileType = audio.wav; path = difficultyIncreaseSound.wav; sourceTree = "<group>"; };
		AA7D8C6326350C7700D24CE2 /* Our-Arcade-Games.ttf */ = {isa = PBXFileReference; lastKnownFileType = file; path = "Our-Arcade-Games.ttf"; sourceTree = "<group>"; };
		AA7D8C6826350F0C00D24CE2 /* MainMenu.sks */ = {isa = PBXFileReference; lastKnownFileType = file.sks; path = MainMenu.sks; sourceTree = "<group>"; };
		AA7D8C6B26350F2100D24CE2 /* GameOverScene.sks */ = {isa = PBXFileReference; lastKnownFileType = file.sks; path = GameOverScene.sks; sourceTree = "<group>"; };
		AA7D8C6E26350F5800D24CE2 /* MainMenuSceneManager.swift */ = {isa = PBXFileReference; lastKnownFileType = sourcecode.swift; path = MainMenuSceneManager.swift; sourceTree = "<group>"; };
/* End PBXFileReference section */

/* Begin PBXFrameworksBuildPhase section */
		AA7D8C34263506BA00D24CE2 /* Frameworks */ = {
			isa = PBXFrameworksBuildPhase;
			buildActionMask = 2147483647;
			files = (
			);
			runOnlyForDeploymentPostprocessing = 0;
		};
/* End PBXFrameworksBuildPhase section */

/* Begin PBXGroup section */
		AA7D8C2E263506BA00D24CE2 = {
			isa = PBXGroup;
			children = (
				AA01B0512649DB390067332F /* PowerUpBaseManager.swift */,
				AA01B04E2649CB060067332F /* resetPowerUpCollect.atlas */,
				AA01B04B2649CB000067332F /* ghostPowerUpCollect.atlas */,
				AA0E7B5126465C2A0093EF97 /* Scores.swift */,
				AA0E7B4826463A0B0093EF97 /* playerDeath.atlas */,
				AA0E7B452646359B0093EF97 /* MainCubeManager.swift */,
				AA0E7B4226462D880093EF97 /* PhysicsCategories.swift */,
				AA7D8C39263506BA00D24CE2 /* Adjust */,
				AA7D8C38263506BA00D24CE2 /* Products */,
			);
			sourceTree = "<group>";
		};
		AA7D8C38263506BA00D24CE2 /* Products */ = {
			isa = PBXGroup;
			children = (
				AA7D8C37263506BA00D24CE2 /* Adjust.app */,
			);
			name = Products;
			sourceTree = "<group>";
		};
		AA7D8C39263506BA00D24CE2 /* Adjust */ = {
			isa = PBXGroup;
			children = (
				AA7D8C6726350EDC00D24CE2 /* SceneManagers */,
				AA7D8C6626350ECC00D24CE2 /* Scenes */,
				AA7D8C6326350C7700D24CE2 /* Our-Arcade-Games.ttf */,
				AA7D8C5026350C4900D24CE2 /* Sounds */,
				AA7D8C3A263506BA00D24CE2 /* AppDelegate.swift */,
				AA7D8C3E263506BA00D24CE2 /* Actions.sks */,
				AA7D8C42263506BA00D24CE2 /* GameViewController.swift */,
				AA7D8C44263506BA00D24CE2 /* Main.storyboard */,
				AA7D8C47263506BB00D24CE2 /* Assets.xcassets */,
				AA7D8C49263506BB00D24CE2 /* Info.plist */,
				AA55B664263FA52F00AE16C0 /* SharedButtonFunctions.swift */,
				AA55B66D263FDD2800AE16C0 /* PlatformManager.swift */,
			);
			path = Adjust;
			sourceTree = "<group>";
		};
		AA7D8C5026350C4900D24CE2 /* Sounds */ = {
			isa = PBXGroup;
			children = (
				AA7D8C5126350C4900D24CE2 /* scoreSound.wav */,
				AA7D8C5226350C4900D24CE2 /* gameOverSound.wav */,
				AA7D8C5326350C4900D24CE2 /* collectingGhostPowerUpSound.wav */,
				AA7D8C5426350C4900D24CE2 /* collectingDifficultyResetPowerUp.wav */,
				AA7D8C5526350C4900D24CE2 /* PlayerExploding */,
				AA7D8C5826350C4900D24CE2 /* buttonClick.wav */,
				AA7D8C5926350C4900D24CE2 /* difficultyIncreaseSound.wav */,
			);
			path = Sounds;
			sourceTree = "<group>";
		};
		AA7D8C5526350C4900D24CE2 /* PlayerExploding */ = {
			isa = PBXGroup;
			children = (
				AA7D8C5626350C4900D24CE2 /* explosionOne.mp3 */,
				AA7D8C5726350C4900D24CE2 /* explosionTwo.wav */,
			);
			path = PlayerExploding;
			sourceTree = "<group>";
		};
		AA7D8C6626350ECC00D24CE2 /* Scenes */ = {
			isa = PBXGroup;
			children = (
				AA7D8C3C263506BA00D24CE2 /* GameScene.sks */,
				AA7D8C6826350F0C00D24CE2 /* MainMenu.sks */,
				AA7D8C6B26350F2100D24CE2 /* GameOverScene.sks */,
			);
			path = Scenes;
			sourceTree = "<group>";
		};
		AA7D8C6726350EDC00D24CE2 /* SceneManagers */ = {
			isa = PBXGroup;
			children = (
				AA7D8C40263506BA00D24CE2 /* GameScene.swift */,
				AA7D8C6E26350F5800D24CE2 /* MainMenuSceneManager.swift */,
				AA0E7B4B264657200093EF97 /* GameOverSceneManager.swift */,
				AA0E7B4E264658120093EF97 /* BaseMenuSceneManager.swift */,
			);
			path = SceneManagers;
			sourceTree = "<group>";
		};
/* End PBXGroup section */

/* Begin PBXNativeTarget section */
		AA7D8C36263506BA00D24CE2 /* Adjust */ = {
			isa = PBXNativeTarget;
			buildConfigurationList = AA7D8C4C263506BB00D24CE2 /* Build configuration list for PBXNativeTarget "Adjust" */;
			buildPhases = (
				AA7D8C33263506BA00D24CE2 /* Sources */,
				AA7D8C34263506BA00D24CE2 /* Frameworks */,
				AA7D8C35263506BA00D24CE2 /* Resources */,
			);
			buildRules = (
			);
			dependencies = (
			);
			name = Adjust;
			productName = Adjust;
			productReference = AA7D8C37263506BA00D24CE2 /* Adjust.app */;
			productType = "com.apple.product-type.application";
		};
/* End PBXNativeTarget section */

/* Begin PBXProject section */
		AA7D8C2F263506BA00D24CE2 /* Project object */ = {
			isa = PBXProject;
			attributes = {
				LastSwiftUpdateCheck = 1240;
				LastUpgradeCheck = 1240;
				TargetAttributes = {
					AA7D8C36263506BA00D24CE2 = {
						CreatedOnToolsVersion = 12.4;
					};
				};
			};
			buildConfigurationList = AA7D8C32263506BA00D24CE2 /* Build configuration list for PBXProject "Adjust" */;
			compatibilityVersion = "Xcode 9.3";
			developmentRegion = en;
			hasScannedForEncodings = 0;
			knownRegions = (
				en,
				Base,
			);
			mainGroup = AA7D8C2E263506BA00D24CE2;
			productRefGroup = AA7D8C38263506BA00D24CE2 /* Products */;
			projectDirPath = "";
			projectRoot = "";
			targets = (
				AA7D8C36263506BA00D24CE2 /* Adjust */,
			);
		};
/* End PBXProject section */

/* Begin PBXResourcesBuildPhase section */
		AA7D8C35263506BA00D24CE2 /* Resources */ = {
			isa = PBXResourcesBuildPhase;
			buildActionMask = 2147483647;
			files = (
				AA7D8C5B26350C4900D24CE2 /* gameOverSound.wav in Resources */,
				AA7D8C6126350C4900D24CE2 /* difficultyIncreaseSound.wav in Resources */,
				AA7D8C5E26350C4900D24CE2 /* explosionOne.mp3 in Resources */,
				AA7D8C5C26350C4900D24CE2 /* collectingGhostPowerUpSound.wav in Resources */,
				AA7D8C46263506BA00D24CE2 /* Main.storyboard in Resources */,
				AA7D8C6926350F0C00D24CE2 /* MainMenu.sks in Resources */,
				AA01B04C2649CB000067332F /* ghostPowerUpCollect.atlas in Resources */,
				AA7D8C3D263506BA00D24CE2 /* GameScene.sks in Resources */,
				AA0E7B4926463A0B0093EF97 /* playerDeath.atlas in Resources */,
				AA01B04F2649CB060067332F /* resetPowerUpCollect.atlas in Resources */,
				AA7D8C5D26350C4900D24CE2 /* collectingDifficultyResetPowerUp.wav in Resources */,
				AA7D8C6426350C8A00D24CE2 /* Our-Arcade-Games.ttf in Resources */,
				AA7D8C48263506BB00D24CE2 /* Assets.xcassets in Resources */,
				AA7D8C5F26350C4900D24CE2 /* explosionTwo.wav in Resources */,
				AA7D8C5A26350C4900D24CE2 /* scoreSound.wav in Resources */,
				AA7D8C6026350C4900D24CE2 /* buttonClick.wav in Resources */,
				AA7D8C6C26350F2100D24CE2 /* GameOverScene.sks in Resources */,
				AA7D8C3F263506BA00D24CE2 /* Actions.sks in Resources */,
			);
			runOnlyForDeploymentPostprocessing = 0;
		};
/* End PBXResourcesBuildPhase section */

/* Begin PBXSourcesBuildPhase section */
		AA7D8C33263506BA00D24CE2 /* Sources */ = {
			isa = PBXSourcesBuildPhase;
			buildActionMask = 2147483647;
			files = (
				AA0E7B4F264658120093EF97 /* BaseMenuSceneManager.swift in Sources */,
				AA0E7B5226465C2A0093EF97 /* Scores.swift in Sources */,
				AA7D8C6F26350F5800D24CE2 /* MainMenuSceneManager.swift in Sources */,
				AA7D8C41263506BA00D24CE2 /* GameScene.swift in Sources */,
				AA0E7B4C264657200093EF97 /* GameOverSceneManager.swift in Sources */,
				AA55B665263FA53000AE16C0 /* SharedButtonFunctions.swift in Sources */,
				AA7D8C43263506BA00D24CE2 /* GameViewController.swift in Sources */,
				AA0E7B4326462D880093EF97 /* PhysicsCategories.swift in Sources */,
				AA55B66E263FDD2800AE16C0 /* PlatformManager.swift in Sources */,
				AA7D8C3B263506BA00D24CE2 /* AppDelegate.swift in Sources */,
				AA0E7B462646359B0093EF97 /* MainCubeManager.swift in Sources */,
				AA01B0522649DB390067332F /* PowerUpBaseManager.swift in Sources */,
			);
			runOnlyForDeploymentPostprocessing = 0;
		};
/* End PBXSourcesBuildPhase section */

/* Begin PBXVariantGroup section */
		AA7D8C44263506BA00D24CE2 /* Main.storyboard */ = {
			isa = PBXVariantGroup;
			children = (
				AA7D8C45263506BA00D24CE2 /* Base */,
			);
			name = Main.storyboard;
			sourceTree = "<group>";
		};
/* End PBXVariantGroup section */

/* Begin XCBuildConfiguration section */
		AA7D8C4A263506BB00D24CE2 /* Debug */ = {
			isa = XCBuildConfiguration;
			buildSettings = {
				ALWAYS_SEARCH_USER_PATHS = NO;
				CLANG_ANALYZER_NONNULL = YES;
				CLANG_ANALYZER_NUMBER_OBJECT_CONVERSION = YES_AGGRESSIVE;
				CLANG_CXX_LANGUAGE_STANDARD = "gnu++14";
				CLANG_CXX_LIBRARY = "libc++";
				CLANG_ENABLE_MODULES = YES;
				CLANG_ENABLE_OBJC_ARC = YES;
				CLANG_ENABLE_OBJC_WEAK = YES;
				CLANG_WARN_BLOCK_CAPTURE_AUTORELEASING = YES;
				CLANG_WARN_BOOL_CONVERSION = YES;
				CLANG_WARN_COMMA = YES;
				CLANG_WARN_CONSTANT_CONVERSION = YES;
				CLANG_WARN_DEPRECATED_OBJC_IMPLEMENTATIONS = YES;
				CLANG_WARN_DIRECT_OBJC_ISA_USAGE = YES_ERROR;
				CLANG_WARN_DOCUMENTATION_COMMENTS = YES;
				CLANG_WARN_EMPTY_BODY = YES;
				CLANG_WARN_ENUM_CONVERSION = YES;
				CLANG_WARN_INFINITE_RECURSION = YES;
				CLANG_WARN_INT_CONVERSION = YES;
				CLANG_WARN_NON_LITERAL_NULL_CONVERSION = YES;
				CLANG_WARN_OBJC_IMPLICIT_RETAIN_SELF = YES;
				CLANG_WARN_OBJC_LITERAL_CONVERSION = YES;
				CLANG_WARN_OBJC_ROOT_CLASS = YES_ERROR;
				CLANG_WARN_QUOTED_INCLUDE_IN_FRAMEWORK_HEADER = YES;
				CLANG_WARN_RANGE_LOOP_ANALYSIS = YES;
				CLANG_WARN_STRICT_PROTOTYPES = YES;
				CLANG_WARN_SUSPICIOUS_MOVE = YES;
				CLANG_WARN_UNGUARDED_AVAILABILITY = YES_AGGRESSIVE;
				CLANG_WARN_UNREACHABLE_CODE = YES;
				CLANG_WARN__DUPLICATE_METHOD_MATCH = YES;
				COPY_PHASE_STRIP = NO;
				DEBUG_INFORMATION_FORMAT = dwarf;
				ENABLE_STRICT_OBJC_MSGSEND = YES;
				ENABLE_TESTABILITY = YES;
				GCC_C_LANGUAGE_STANDARD = gnu11;
				GCC_DYNAMIC_NO_PIC = NO;
				GCC_NO_COMMON_BLOCKS = YES;
				GCC_OPTIMIZATION_LEVEL = 0;
				GCC_PREPROCESSOR_DEFINITIONS = (
					"DEBUG=1",
					"$(inherited)",
				);
				GCC_WARN_64_TO_32_BIT_CONVERSION = YES;
				GCC_WARN_ABOUT_RETURN_TYPE = YES_ERROR;
				GCC_WARN_UNDECLARED_SELECTOR = YES;
				GCC_WARN_UNINITIALIZED_AUTOS = YES_AGGRESSIVE;
				GCC_WARN_UNUSED_FUNCTION = YES;
				GCC_WARN_UNUSED_VARIABLE = YES;
				IPHONEOS_DEPLOYMENT_TARGET = 14.4;
				MTL_ENABLE_DEBUG_INFO = INCLUDE_SOURCE;
				MTL_FAST_MATH = YES;
				ONLY_ACTIVE_ARCH = YES;
				SDKROOT = iphoneos;
				SWIFT_ACTIVE_COMPILATION_CONDITIONS = DEBUG;
				SWIFT_OPTIMIZATION_LEVEL = "-Onone";
			};
			name = Debug;
		};
		AA7D8C4B263506BB00D24CE2 /* Release */ = {
			isa = XCBuildConfiguration;
			buildSettings = {
				ALWAYS_SEARCH_USER_PATHS = NO;
				CLANG_ANALYZER_NONNULL = YES;
				CLANG_ANALYZER_NUMBER_OBJECT_CONVERSION = YES_AGGRESSIVE;
				CLANG_CXX_LANGUAGE_STANDARD = "gnu++14";
				CLANG_CXX_LIBRARY = "libc++";
				CLANG_ENABLE_MODULES = YES;
				CLANG_ENABLE_OBJC_ARC = YES;
				CLANG_ENABLE_OBJC_WEAK = YES;
				CLANG_WARN_BLOCK_CAPTURE_AUTORELEASING = YES;
				CLANG_WARN_BOOL_CONVERSION = YES;
				CLANG_WARN_COMMA = YES;
				CLANG_WARN_CONSTANT_CONVERSION = YES;
				CLANG_WARN_DEPRECATED_OBJC_IMPLEMENTATIONS = YES;
				CLANG_WARN_DIRECT_OBJC_ISA_USAGE = YES_ERROR;
				CLANG_WARN_DOCUMENTATION_COMMENTS = YES;
				CLANG_WARN_EMPTY_BODY = YES;
				CLANG_WARN_ENUM_CONVERSION = YES;
				CLANG_WARN_INFINITE_RECURSION = YES;
				CLANG_WARN_INT_CONVERSION = YES;
				CLANG_WARN_NON_LITERAL_NULL_CONVERSION = YES;
				CLANG_WARN_OBJC_IMPLICIT_RETAIN_SELF = YES;
				CLANG_WARN_OBJC_LITERAL_CONVERSION = YES;
				CLANG_WARN_OBJC_ROOT_CLASS = YES_ERROR;
				CLANG_WARN_QUOTED_INCLUDE_IN_FRAMEWORK_HEADER = YES;
				CLANG_WARN_RANGE_LOOP_ANALYSIS = YES;
				CLANG_WARN_STRICT_PROTOTYPES = YES;
				CLANG_WARN_SUSPICIOUS_MOVE = YES;
				CLANG_WARN_UNGUARDED_AVAILABILITY = YES_AGGRESSIVE;
				CLANG_WARN_UNREACHABLE_CODE = YES;
				CLANG_WARN__DUPLICATE_METHOD_MATCH = YES;
				COPY_PHASE_STRIP = NO;
				DEBUG_INFORMATION_FORMAT = "dwarf-with-dsym";
				ENABLE_NS_ASSERTIONS = NO;
				ENABLE_STRICT_OBJC_MSGSEND = YES;
				GCC_C_LANGUAGE_STANDARD = gnu11;
				GCC_NO_COMMON_BLOCKS = YES;
				GCC_WARN_64_TO_32_BIT_CONVERSION = YES;
				GCC_WARN_ABOUT_RETURN_TYPE = YES_ERROR;
				GCC_WARN_UNDECLARED_SELECTOR = YES;
				GCC_WARN_UNINITIALIZED_AUTOS = YES_AGGRESSIVE;
				GCC_WARN_UNUSED_FUNCTION = YES;
				GCC_WARN_UNUSED_VARIABLE = YES;
				IPHONEOS_DEPLOYMENT_TARGET = 14.4;
				MTL_ENABLE_DEBUG_INFO = NO;
				MTL_FAST_MATH = YES;
				SDKROOT = iphoneos;
				SWIFT_COMPILATION_MODE = wholemodule;
				SWIFT_OPTIMIZATION_LEVEL = "-O";
				VALIDATE_PRODUCT = YES;
			};
			name = Release;
		};
		AA7D8C4D263506BB00D24CE2 /* Debug */ = {
			isa = XCBuildConfiguration;
			buildSettings = {
				ASSETCATALOG_COMPILER_APPICON_NAME = AppIcon;
				ASSETCATALOG_COMPILER_GLOBAL_ACCENT_COLOR_NAME = AccentColor;
				CODE_SIGN_STYLE = Automatic;
				DEVELOPMENT_TEAM = NDVQ9E772J;
				INFOPLIST_FILE = Adjust/Info.plist;
				IPHONEOS_DEPLOYMENT_TARGET = 13.0;
				LD_RUNPATH_SEARCH_PATHS = (
					"$(inherited)",
					"@executable_path/Frameworks",
				);
				PRODUCT_BUNDLE_IDENTIFIER = com.AdjustGame;
				PRODUCT_NAME = "$(TARGET_NAME)";
				SWIFT_VERSION = 5.0;
				TARGETED_DEVICE_FAMILY = "1,2";
			};
			name = Debug;
		};
		AA7D8C4E263506BB00D24CE2 /* Release */ = {
			isa = XCBuildConfiguration;
			buildSettings = {
				ASSETCATALOG_COMPILER_APPICON_NAME = AppIcon;
				ASSETCATALOG_COMPILER_GLOBAL_ACCENT_COLOR_NAME = AccentColor;
				CODE_SIGN_STYLE = Automatic;
				DEVELOPMENT_TEAM = NDVQ9E772J;
				INFOPLIST_FILE = Adjust/Info.plist;
				IPHONEOS_DEPLOYMENT_TARGET = 13.0;
				LD_RUNPATH_SEARCH_PATHS = (
					"$(inherited)",
					"@executable_path/Frameworks",
				);
				PRODUCT_BUNDLE_IDENTIFIER = com.AdjustGame;
				PRODUCT_NAME = "$(TARGET_NAME)";
				SWIFT_VERSION = 5.0;
				TARGETED_DEVICE_FAMILY = "1,2";
			};
			name = Release;
		};
/* End XCBuildConfiguration section */

/* Begin XCConfigurationList section */
		AA7D8C32263506BA00D24CE2 /* Build configuration list for PBXProject "Adjust" */ = {
			isa = XCConfigurationList;
			buildConfigurations = (
				AA7D8C4A263506BB00D24CE2 /* Debug */,
				AA7D8C4B263506BB00D24CE2 /* Release */,
			);
			defaultConfigurationIsVisible = 0;
			defaultConfigurationName = Release;
		};
		AA7D8C4C263506BB00D24CE2 /* Build configuration list for PBXNativeTarget "Adjust" */ = {
			isa = XCConfigurationList;
			buildConfigurations = (
				AA7D8C4D263506BB00D24CE2 /* Debug */,
				AA7D8C4E263506BB00D24CE2 /* Release */,
			);
			defaultConfigurationIsVisible = 0;
			defaultConfigurationName = Release;
		};
/* End XCConfigurationList section */
	};
	rootObject = AA7D8C2F263506BA00D24CE2 /* Project object */;
}
